lockfile_version: '1'
generated_at: '2026-07-02T11:45:33.931996+00:00'
apm_version: 0.23.1
dependencies:
- repo_url: bregman-arie/devops-sre-skills
  name: devops-sre-skills
  host: github.com
  resolved_commit: 94d5acb9816a15c30523da85a74bbfe87a978679
  version: unknown
  virtual_path: skills/kubernetes/diagnose-crashloop
  is_virtual: true
  package_type: claude_skill
  deployed_files:
  - .claude/skills/diagnose-crashloop
  - .claude/skills/diagnose-crashloop/SKILL.md
  deployed_file_hashes:
    .claude/skills/diagnose-crashloop/SKILL.md: sha256:b6c3bc0273c53e236ea4ff94f09c195fa4841df521ea0bdf7c2c433c21a4c157
  content_hash: sha256:574a93f40aaf0de31abb3d75aae34e6216dbb3582bdea8232ed765ff8a85f16b
- repo_url: bregman-arie/devops-sre-skills
  name: devops-sre-skills
  host: github.com
  resolved_commit: 94d5acb9816a15c30523da85a74bbfe87a978679
  version: unknown
  virtual_path: skills/kubernetes/diagnose-imagepullbackoff
  is_virtual: true
  package_type: claude_skill
  deployed_files:
  - .claude/skills/diagnose-imagepullbackoff
  - .claude/skills/diagnose-imagepullbackoff/SKILL.md
  deployed_file_hashes:
    .claude/skills/diagnose-imagepullbackoff/SKILL.md: sha256:240bb0f98e63970aafd0256a6983aea825e10bcf82fa0e019b6478171662680e
  content_hash: sha256:083ffbecbcfc8960e87f7445f4a1f5822807565775f2b9f8e0a446ed13ffc2d1
- repo_url: bregman-arie/devops-sre-skills
  name: devops-sre-skills
  host: github.com
  resolved_commit: 94d5acb9816a15c30523da85a74bbfe87a978679
  version: unknown
  virtual_path: skills/kubernetes/triage-pending-pods
  is_virtual: true
  package_type: claude_skill
  deployed_files:
  - .claude/skills/triage-pending-pods
  - .claude/skills/triage-pending-pods/SKILL.md
  deployed_file_hashes:
    .claude/skills/triage-pending-pods/SKILL.md: sha256:d7f6305fcf049c89e4680ca0d01c94a4c9eccd84588239086492bf2248b76366
  content_hash: sha256:f5b8f81c2ca69226b30eff619c4d9aed308a78a4f4cc2cbfc31eeda68cabd482
- repo_url: pulumi/agent-skills
  name: pulumi-delegation
  host: github.com
  resolved_commit: 478096e94bee50903fba4b0869d1c617956ae3a4
  version: 1.0.0
  virtual_path: delegation
  is_virtual: true
  package_type: marketplace_plugin
  deployed_files:
  - .claude/skills/pulumi-neo-handoff
  - .claude/skills/pulumi-neo-handoff/SKILL.md
  - .claude/skills/pulumi-neo-handoff/agents/openai.yaml
  - .claude/skills/pulumi-neo-handoff/use_cases.yaml
  deployed_file_hashes:
    .claude/skills/pulumi-neo-handoff/SKILL.md: sha256:0e1ea0f4f9c28394ebfc6404f89baaf4415f23019f318e2061bc6a6f288923da
    .claude/skills/pulumi-neo-handoff/agents/openai.yaml: sha256:09aa8f7524a6ac56c16378d578f496b999f42d4106bc544b35d4c4a91df62c11
    .claude/skills/pulumi-neo-handoff/use_cases.yaml: sha256:85e9a3e722342d3a12aab07293c0b6a2e69294e3df4bb98c0198c81efff064d9
  content_hash: sha256:eaa712b8086e9c64c4134381b9af4f19619db601e04d3b77f4bcb2bf0eb6f3f7
  declared_license: Apache-2.0
- repo_url: pulumi/agent-skills
  name: pulumi
  host: github.com
  resolved_commit: 478096e94bee50903fba4b0869d1c617956ae3a4
  version: 1.0.0
  virtual_path: pulumi
  is_virtual: true
  package_type: marketplace_plugin
  deployed_files:
  - .claude/skills/package-usage
  - .claude/skills/package-usage/SKILL.md
  - .claude/skills/package-usage/agents/openai.yaml
  - .claude/skills/package-usage/use_cases.yaml
  - .claude/skills/provider-upgrade
  - .claude/skills/provider-upgrade/SKILL.md
  - .claude/skills/provider-upgrade/agents/openai.yaml
  - .claude/skills/provider-upgrade/references/diagnostic-toolbox.md
  - .claude/skills/provider-upgrade/use_cases.yaml
  - .claude/skills/pulumi-automation-api
  - .claude/skills/pulumi-automation-api/SKILL.md
  - .claude/skills/pulumi-automation-api/agents/openai.yaml
  - .claude/skills/pulumi-automation-api/use_cases.yaml
  - .claude/skills/pulumi-best-practices
  - .claude/skills/pulumi-best-practices/SKILL.md
  - .claude/skills/pulumi-best-practices/agents/openai.yaml
  - .claude/skills/pulumi-best-practices/use_cases.yaml
  - .claude/skills/pulumi-component
  - .claude/skills/pulumi-component/SKILL.md
  - .claude/skills/pulumi-component/agents/openai.yaml
  - .claude/skills/pulumi-component/use_cases.yaml
  - .claude/skills/pulumi-esc
  - .claude/skills/pulumi-esc/SKILL.md
  - .claude/skills/pulumi-esc/agents/openai.yaml
  - .claude/skills/pulumi-esc/use_cases.yaml
  - .claude/skills/pulumi-overview
  - .claude/skills/pulumi-overview/SKILL.md
  - .claude/skills/pulumi-overview/use_cases.yaml
  deployed_file_hashes:
    .claude/skills/package-usage/SKILL.md: sha256:bb044b023750a1a71d747e75f69dff53ff7633b6a9f7a95c0ff4764354492dc4
    .claude/skills/package-usage/agents/openai.yaml: sha256:73b260f964fe41b3582eb61ed6ed8995a61f87d5c5e46cb4a925e52ea8f2f664
    .claude/skills/package-usage/use_cases.yaml: sha256:0909f8c77788a0550039761b004dba708c0d5f1fd64f2d4434bb1119da5b733d
    .claude/skills/provider-upgrade/SKILL.md: sha256:fb5544bff98c3b0837005efa513761536775de0f1748e77545d2725cbcbd4587
    .claude/skills/provider-upgrade/agents/openai.yaml: sha256:0619cf3d3aea8f7bbf0ff4c9d9955801ee9486f2c644f176aac9cb1dbfecc108
    .claude/skills/provider-upgrade/references/diagnostic-toolbox.md: sha256:d97ec1df70be7d1e19c422f893273b851e23518dcb71dfb295692da2a057ac8c
    .claude/skills/provider-upgrade/use_cases.yaml: sha256:cf27447ecb5aa0962fbeae3cd3a459cf714fc0098909fff914d09fff0f794878
    .claude/skills/pulumi-automation-api/SKILL.md: sha256:5c77a27edc6458b60837fe465c4232555626a0a5e63c431adab599e36d17bf9f
    .claude/skills/pulumi-automation-api/agents/openai.yaml: sha256:0d70cc2c7eb3bf9cc6ca534d8731c33347952e46203d7faab960e1ec1c33ecce
    .claude/skills/pulumi-automation-api/use_cases.yaml: sha256:011eb361ccf6c7037b4028f6d26884c8f9e155a1d480296b5528d70c88d97a0c
    .claude/skills/pulumi-best-practices/SKILL.md: sha256:701bf94433f77f7851ed979ea74700a50dc69f958a20327f13da53d6a1468765
    .claude/skills/pulumi-best-practices/agents/openai.yaml: sha256:2026466b871f83c3a00164eea9c20e3e913712faf56f76241be9d9fbd40bdf88
    .claude/skills/pulumi-best-practices/use_cases.yaml: sha256:e3de56d96bd00a3c3a146e40a021ad03ca3d2e16319b00225deb4a8d708a0980
    .claude/skills/pulumi-component/SKILL.md: sha256:eef36cb66dfcaf062ac2ef97b4ce050b04afa680f3c76c4e536659a686481cac
    .claude/skills/pulumi-component/agents/openai.yaml: sha256:daee5038b424cc3d912bc2645f512359e5623b470ffe78560228d3bef13ec536
    .claude/skills/pulumi-component/use_cases.yaml: sha256:6d4931a0901ae1c12f77330d0ad4e6f90c29880dcf7e9d486609c32656422508
    .claude/skills/pulumi-esc/SKILL.md: sha256:49c006efade585fbb696840f4681eb58dc3e96c0ecf83f41486921592b449e12
    .claude/skills/pulumi-esc/agents/openai.yaml: sha256:0e23a2305b4611f24c44d3cec91cb2c9a8b1e0b5fc6a6dfdb050965cb60e9896
    .claude/skills/pulumi-esc/use_cases.yaml: sha256:75e6acbf2eb20e14a42641bc4f4cc19df08079c0837627c099735a8983bf5d76
    .claude/skills/pulumi-overview/SKILL.md: sha256:b8b56717d09bd6e291455b8e645e261ff8e6f1547771da81467f1d9c967aa303
    .claude/skills/pulumi-overview/use_cases.yaml: sha256:eb7058582acbe0cc874468704d977d9832afc5a914581fa6b859a6c2552cb95e
  content_hash: sha256:551a8f372ce1c1a1a94c7088e737ad55d1ee7d38e72098b66c7eff61b33de7d4
  declared_license: Apache-2.0
mcp_servers:
- pulumi
mcp_configs:
  pulumi:
    name: pulumi
    transport: http
    registry: false
    url: https://mcp.ai.pulumi.com/mcp
lsp_servers:
- gopls
- pyright
- typescript-language-server
lsp_configs:
  gopls:
    name: gopls
    command: gopls
    args:
    - serve
    extensionToLanguage:
      .go: go
  pyright:
    name: pyright
    command: pyright-langserver
    args:
    - --stdio
    extensionToLanguage:
      .py: python
  typescript-language-server:
    name: typescript-language-server
    command: typescript-language-server
    args:
    - --stdio
    extensionToLanguage:
      .ts: typescript
      .tsx: typescriptreact
local_deployed_files:
- .claude/skills/esc-secret-rotation
- .claude/skills/esc-secret-rotation/SKILL.md
- .claude/skills/esc-secret-rotation/scripts/find-references.sh
- .claude/skills/golden-path-service
- .claude/skills/golden-path-service/SKILL.md
- .claude/skills/incident-triage
- .claude/skills/incident-triage/SKILL.md
- .claude/skills/incident-triage/references/escalation.md
- .claude/skills/incident-triage/references/severity-matrix.md
- .claude/skills/incident-triage/scripts/gather-diagnostics.sh
- .claude/skills/incident-triage/templates/postmortem.md
local_deployed_file_hashes:
  .claude/skills/esc-secret-rotation/SKILL.md: sha256:db09ff599d2dadc063f05f6e831861f38110044b5b8605fe9d142a176bdde9c1
  .claude/skills/esc-secret-rotation/scripts/find-references.sh: sha256:d2859cc07c06da03e086cb2cca7094ea0d6883210aaa1c861f8ee7afb17dc540
  .claude/skills/golden-path-service/SKILL.md: sha256:845b979f9b089a46a65263bea1901fcf4bd1b71c2a6d5777b4010da996f2e03f
  .claude/skills/incident-triage/SKILL.md: sha256:fd9ddace358f23d63ebb1e340da0377ea6acd6a58f1c1390c24fa6b090fe4604
  .claude/skills/incident-triage/references/escalation.md: sha256:0cfcd976f511472a4add1e196e7b5f29bab83df893dee6529551342dc39b5982
  .claude/skills/incident-triage/references/severity-matrix.md: sha256:47876693146dd05fce69b87dcbaddab93de58894a9f72242fcacc9db77645877
  .claude/skills/incident-triage/scripts/gather-diagnostics.sh: sha256:8af5fe3d6a989b731cd80999b821762ef783c84ad92590505f1354a2712fcd57
  .claude/skills/incident-triage/templates/postmortem.md: sha256:804ef5902c7cfb99106f5fd9dc37cf4dc238ffbb2c7377dce111ecf75c4c2fe8
